# THIS IS AN AUTOGENERATED FILE. DO NOT EDIT THIS FILE DIRECTLY.
# yarn lockfile v1


"@types/ltx@*":
  version "2.8.1"
  resolved "https://registry.yarnpkg.com/@types/ltx/-/ltx-2.8.1.tgz#faa6a851a763fd43a7ac448093553d82a92b8a98"
  integrity sha512-SjgICSxqzd5ZJGveuFJfULEztuT6OlkMjammWl989w6Z7qrvHjizALrAevd4g1+lRq1jrBF6u3r7oxhTeoWtsw==
  dependencies:
    "@types/node" "*"

"@types/node@*":
  version "13.9.8"
  resolved "https://registry.yarnpkg.com/@types/node/-/node-13.9.8.tgz#09976420fc80a7a00bf40680c63815ed8c7616f4"
  integrity sha512-1WgO8hsyHynlx7nhP1kr0OFzsgKz5XDQL+Lfc3b1Q3qIln/n8cKD4m09NJ0+P1Rq7Zgnc7N0+SsMnoD1rEb0kA==

"@types/node@^12":
  version "12.12.32"
  resolved "https://registry.yarnpkg.com/@types/node/-/node-12.12.32.tgz#0ccc836d273e8a3cddf568daf22729cfa57c1925"
  integrity sha512-44/reuCrwiQEsXud3I5X3sqI5jIXAmHB5xoiyKUw965olNHF3IWKjBLKK3F9LOSUZmK+oDt8jmyO637iX+hMgA==

"@types/webrtc@0.0.26":
  version "0.0.26"
  resolved "https://registry.yarnpkg.com/@types/webrtc/-/webrtc-0.0.26.tgz#f1bae07215eb84577c35ca050866820e412a07e2"
  integrity sha512-hTDoPKPYbgcogZA9eqhihPO+HnUs5BNPfnoOyc9bzcuq56eYV28zwJ+3tortPN0uXgmDvNs3f1JaT4oTbtWxqg==

"@types/xmpp__jid@^1.3.0":
  version "1.3.0"
  resolved "https://registry.yarnpkg.com/@types/xmpp__jid/-/xmpp__jid-1.3.0.tgz#2f2bdb05fb67b0e4cdecb1c1947d7c2405190a5d"
  integrity sha512-CTJZC0sVg+e+e4psLDrxFWXtNMMDBzgTBkQCblM9S4JcOFtH7ePZu/SI2nXp58wCnn0Pqt7JiwPLm2g9eEdxJw==

"@types/xmpp__xml@^0.6.0":
  version "0.6.0"
  resolved "https://registry.yarnpkg.com/@types/xmpp__xml/-/xmpp__xml-0.6.0.tgz#6fe68c6b2195827135b0565e76cc4c95954d718b"
  integrity sha512-0Wd350Kj4DKinbmS66pcr5d0onPZdIrNiTQE7rJiaNyc8reIzlppNxdckOD2AWYIuWSbRZI/P88+5eKMr6myRQ==
  dependencies:
    "@types/ltx" "*"
    "@types/node" "*"

"@xmpp/base64@^0.11.0":
  version "0.11.0"
  resolved "https://registry.yarnpkg.com/@xmpp/base64/-/base64-0.11.0.tgz#fd3158c947484ddd554c8d09bbd126b455a74010"
  integrity sha512-BPHndqM49t2h0+dIZm9F9WU/sxTCZjPOUYRSCsuNxDSBRxtP8dTbQc1jalq071EB1WF9uBAIv9kRcrpCF/Ym0w==
  dependencies:
    base-64 "^0.1.0"

"@xmpp/client-core@^0.11.0":
  version "0.11.0"
  resolved "https://registry.yarnpkg.com/@xmpp/client-core/-/client-core-0.11.0.tgz#b1b5a6e92177651b05e469e7aced4f1f658545c3"
  integrity sha512-tyQMQxHEBK/W5uobwaMg7mFWuAJhxUbXW9r8YASHOvhFT5fmON2D527X/yUESQHv2erEbYTpbapbVnr0Boex4w==
  dependencies:
    "@xmpp/connection" "^0.11.0"
    "@xmpp/jid" "^0.11.0"
    "@xmpp/xml" "^0.11.0"

"@xmpp/client@^0.11.1":
  version "0.11.1"
  resolved "https://registry.yarnpkg.com/@xmpp/client/-/client-0.11.1.tgz#4a2ca6737835ab7888a44a907d7464834d35eefe"
  integrity sha512-8tf2PKcC5vU2RsYiI1SKau/jaNzvsn+ltbRrfbsgQpyTsBOqkDRYGQEI1yKtzD6WQ8d3TE63YCm1NsZqFrC4eQ==
  dependencies:
    "@xmpp/client-core" "^0.11.0"
    "@xmpp/iq" "^0.11.0"
    "@xmpp/middleware" "^0.11.0"
    "@xmpp/reconnect" "^0.11.0"
    "@xmpp/resolve" "^0.11.0"
    "@xmpp/resource-binding" "^0.11.0"
    "@xmpp/sasl" "^0.11.0"
    "@xmpp/sasl-anonymous" "^0.11.0"
    "@xmpp/sasl-plain" "^0.11.0"
    "@xmpp/sasl-scram-sha-1" "^0.11.0"
    "@xmpp/session-establishment" "^0.11.0"
    "@xmpp/starttls" "^0.11.0"
    "@xmpp/stream-features" "^0.11.0"
    "@xmpp/stream-management" "^0.11.1"
    "@xmpp/tcp" "^0.11.0"
    "@xmpp/tls" "^0.11.0"
    "@xmpp/websocket" "^0.11.0"

"@xmpp/connection-tcp@^0.11.0":
  version "0.11.0"
  resolved "https://registry.yarnpkg.com/@xmpp/connection-tcp/-/connection-tcp-0.11.0.tgz#2a15a035a77df019de440cbedcf99a10cd526395"
  integrity sha512-O2MX5PvxasZYbf9PhkPG9o7T+kjI3TxZ6U0lc/t+aNfs+tNUN2k3bvX+T0RpmEgg4+qacAiBTt6V98oZF2LEsQ==
  dependencies:
    "@xmpp/connection" "^0.11.0"
    "@xmpp/xml" "^0.11.0"

"@xmpp/connection@^0.11.0":
  version "0.11.0"
  resolved "https://registry.yarnpkg.com/@xmpp/connection/-/connection-0.11.0.tgz#6fb49f7df9f499ba2f5d734a33daa8b115b465e5"
  integrity sha512-T2Cr3f36VMqxdRJOnxwJATK4KB1l54IAwQrRxuQKnWY9A8BH9cdKnuta8j/mxsnZyxX6qA07E3rVaQC+r8Am/A==
  dependencies:
    "@xmpp/error" "^0.11.0"
    "@xmpp/events" "^0.11.0"
    "@xmpp/jid" "^0.11.0"
    "@xmpp/xml" "^0.11.0"

"@xmpp/error@^0.11.0":
  version "0.11.0"
  resolved "https://registry.yarnpkg.com/@xmpp/error/-/error-0.11.0.tgz#de2544b31b06e1210e63a10ac20f31e5dbb24355"
  integrity sha512-U/zm6VoI50kbFQka95yHIeibjhh+VznH6Jv2tNomwS5SxTvjnisdHvP6SYqaml111cnseSPv/ajroc+o5GIu+A==

"@xmpp/events@^0.11.0":
  version "0.11.0"
  resolved "https://registry.yarnpkg.com/@xmpp/events/-/events-0.11.0.tgz#ad95ca101cd618acae60d51dba0da2fa907898d6"
  integrity sha512-zykyqHvZHvXnC9JDzl+g78YFzUNABZwzA8RZH6n7iUiTQS6qRwOKyQXdQ47AlT3orid2vU9Jaa7QppW9c4OJ5Q==
  dependencies:
    events "^3.1.0"

"@xmpp/id@^0.11.0":
  version "0.11.0"
  resolved "https://registry.yarnpkg.com/@xmpp/id/-/id-0.11.0.tgz#de89a3ace51a055f0158cfb8fef63b60d18d6ba8"
  integrity sha512-8eleVn6SKKChRCNCGHTEHSBLuEbEqPespf30QwkB8RC/3yMzWi3/5itfn4YySSF630ad1rxBHNdzObOkwtOjjw==

"@xmpp/iq@^0.11.0":
  version "0.11.0"
  resolved "https://registry.yarnpkg.com/@xmpp/iq/-/iq-0.11.0.tgz#c20551f6f174aa33ad8c93c57f9e875ce01440d8"
  integrity sha512-TsZoBGrs9Y+/9UKTsWeCKxIPca7vIGaAjfX+k3uKyPuTFEwiw38p1fKESR/nqXfWHfJqVgjJ4r6vqvMR9Qj6Yw==
  dependencies:
    "@xmpp/events" "^0.11.0"
    "@xmpp/id" "^0.11.0"
    "@xmpp/middleware" "^0.11.0"
    "@xmpp/xml" "^0.11.0"

"@xmpp/jid@^0.11.0":
  version "0.11.0"
  resolved "https://registry.yarnpkg.com/@xmpp/jid/-/jid-0.11.0.tgz#7e3b22dd98e929126b8730c13175f983e98f51b5"
  integrity sha512-4bQWU2Z7t7TqPX076PC5UscZ3V1CIXg/KjFQJ1z1xOfmEhEgz2gqYIR6lqiNlwrPCR9o1wmfQ+PBa/6u1NigcA==

"@xmpp/middleware@^0.11.0":
  version "0.11.0"
  resolved "https://registry.yarnpkg.com/@xmpp/middleware/-/middleware-0.11.0.tgz#77428cceeefac0608d787e00816645294a36d0fd"
  integrity sha512-y0rfM5LtKuDwNZ16dQcHdeWffuut6ooWkOnKapavDFa+VwVx4CV9cSX1hUnoHkhKyZGXS1uTo/J2iagN0KhASQ==
  dependencies:
    "@xmpp/error" "^0.11.0"
    "@xmpp/jid" "^0.11.0"
    "@xmpp/xml" "^0.11.0"
    koa-compose "^4.1.0"

"@xmpp/reconnect@^0.11.0":
  version "0.11.0"
  resolved "https://registry.yarnpkg.com/@xmpp/reconnect/-/reconnect-0.11.0.tgz#89b303ff072a171ceb9de0012e6e4a660f0789c3"
  integrity sha512-0d462Fjs3aG2rej5/P4gdKqjgK9hiKaK/29Cun7ZaciL0MJ/d8Lh8fzQMmzjw1mRJlaWiZkuJ8zi73wd1yFxng==
  dependencies:
    "@xmpp/events" "^0.11.0"

"@xmpp/resolve@^0.11.0":
  version "0.11.0"
  resolved "https://registry.yarnpkg.com/@xmpp/resolve/-/resolve-0.11.0.tgz#0d90c31264401acb36b551ce82d6e37bf76bcdd6"
  integrity sha512-zZolSgEgtQM/GX+NR3vh5lJ/BdWkUU5S7H47YHqr001iA1AdPZWBP2QRi1YiWR49nnuyW/7oLH91wFAp4Nx5sA==
  dependencies:
    "@xmpp/events" "^0.11.0"
    "@xmpp/xml" "^0.11.0"
    node-fetch "^2.6.0"

"@xmpp/resource-binding@^0.11.0":
  version "0.11.0"
  resolved "https://registry.yarnpkg.com/@xmpp/resource-binding/-/resource-binding-0.11.0.tgz#186e7a4bee5c54efae9d5632dfcc8cc7a15b332f"
  integrity sha512-7bIMiwwJ/rH7myM8n4ElwwqjrAXP6qtJCRuQDTs393cRUBd4zkIyT81HnvXzvTBvhSOwdzHDqBnxoT9VCj4J5Q==
  dependencies:
    "@xmpp/xml" "^0.11.0"

"@xmpp/sasl-anonymous@^0.11.0":
  version "0.11.0"
  resolved "https://registry.yarnpkg.com/@xmpp/sasl-anonymous/-/sasl-anonymous-0.11.0.tgz#c64f636ce6ff8ad4c7dfbb84ce63da67e8773679"
  integrity sha512-MyNJ1GJ5OPchI6cyEihPusfOKDtkZUOeYn8mVtH6WYHwYWD+LrnS3eBhGgAG7Yt20utDTTQvIHnUGSJ1fV+OLg==
  dependencies:
    sasl-anonymous "^0.1.0"

"@xmpp/sasl-plain@^0.11.0":
  version "0.11.0"
  resolved "https://registry.yarnpkg.com/@xmpp/sasl-plain/-/sasl-plain-0.11.0.tgz#0f62bf7f7c962ba0919357c6221940913fbf9fa4"
  integrity sha512-2Qxl0LB1Q3I+NWaUdTwwfsf3iYM0JmSlJDVSfQK1M81rFbj68RZhmiE6/GZn3IcmLUlRo+B/R5sFJTSXud7LHA==
  dependencies:
    sasl-plain "^0.1.0"

"@xmpp/sasl-scram-sha-1@^0.11.0":
  version "0.11.0"
  resolved "https://registry.yarnpkg.com/@xmpp/sasl-scram-sha-1/-/sasl-scram-sha-1-0.11.0.tgz#e12b2ae538095c83ae4fb85f09669dab4cf3a4d4"
  integrity sha512-bZmaZayrT7avkJkI4mmsbnFsjWbrUwu3DU+KlwNazdMGmgXiixqZCjH6TSx6VP45ixqk5R0EjRvpFU3PVw1eTg==
  dependencies:
    sasl-scram-sha-1 "^1.2.1"

"@xmpp/sasl@^0.11.0":
  version "0.11.0"
  resolved "https://registry.yarnpkg.com/@xmpp/sasl/-/sasl-0.11.0.tgz#f1a1b4f20882688005603c24a1f368b225062bff"
  integrity sha512-qfZyYm3C8RVSSVs4FCjC9dH0ZFKPOGrhNvMl1yOIuY0CbzVj/TOWT5v4X2olOU2dnWj//9F18vfC7RcCQDB3LQ==
  dependencies:
    "@xmpp/base64" "^0.11.0"
    "@xmpp/error" "^0.11.0"
    "@xmpp/xml" "^0.11.0"
    saslmechanisms "^0.1.1"

"@xmpp/session-establishment@^0.11.0":
  version "0.11.0"
  resolved "https://registry.yarnpkg.com/@xmpp/session-establishment/-/session-establishment-0.11.0.tgz#eb70e9a84f9e33af424034e3defe43fff8bbf002"
  integrity sha512-qPnkspEPIHeQOsfN0bEv321Xx3vTln8LWN5ltYJECdRHM7sdpjFZ8z362cRTJeYkb+O8DKKYNpFrCyeBi/bw3g==
  dependencies:
    "@xmpp/xml" "^0.11.0"

"@xmpp/starttls@^0.11.0":
  version "0.11.0"
  resolved "https://registry.yarnpkg.com/@xmpp/starttls/-/starttls-0.11.0.tgz#91d64891c1a49ff6bb06439608e625ccfd3637f7"
  integrity sha512-S0FAxq7CFlE5ZM4498PmBORKbyVSrPesIyu4drdQkkE3QlDgrPimssqMUUR1woZbxmG4ohb+hPfTgogHS1BurQ==
  dependencies:
    "@xmpp/events" "^0.11.0"
    "@xmpp/xml" "^0.11.0"

"@xmpp/stream-features@^0.11.0":
  version "0.11.0"
  resolved "https://registry.yarnpkg.com/@xmpp/stream-features/-/stream-features-0.11.0.tgz#51dc25e5aaf286d5d09331f3d17a261d459bc26a"
  integrity sha512-DWzdmPwbATtm+hTkyY3AHCIJgnHe0ffluMd0jfj8mYqpZOG5wS5E+0+kAYoZhGzS3jzXBZrX/na7RDs3i9nx3Q==

"@xmpp/stream-management@^0.11.1":
  version "0.11.1"
  resolved "https://registry.yarnpkg.com/@xmpp/stream-management/-/stream-management-0.11.1.tgz#7f8f0c5c764556ae2dee39944159a8ec842e580e"
  integrity sha512-U/cxiPduHWga8uKBvOPknLYQ0bUbLhmAaZi5dpzAC+FzFkP6zumJQvtC6sVl966kltm8TOCGF0JSRCEkHs2uRg==
  dependencies:
    "@xmpp/xml" "^0.11.0"

"@xmpp/tcp@^0.11.0":
  version "0.11.0"
  resolved "https://registry.yarnpkg.com/@xmpp/tcp/-/tcp-0.11.0.tgz#987b2950f506d1330b4e069b313fd0fca5d91e3e"
  integrity sha512-26pbx0Z6w4rF6Brb9yDhvXtczJl/S07HbMZpgpMdheczc6W/d9ypsplr5/rRM+4aZt1rOV1noJMdfRHl2qG3Jw==
  dependencies:
    "@xmpp/connection-tcp" "^0.11.0"

"@xmpp/tls@^0.11.0":
  version "0.11.0"
  resolved "https://registry.yarnpkg.com/@xmpp/tls/-/tls-0.11.0.tgz#bf8009e94c365403e1cbacfe78b6ed6ecaf20940"
  integrity sha512-WnkpR3/Rd5BqYrJslpvYZJNL0GXMQlOOgrusf9qnXVJ25GKVSy+pYfWf1jhxBDw9WzuCCH5hfSAzZ0biRkq4gQ==
  dependencies:
    "@xmpp/connection" "^0.11.0"
    "@xmpp/connection-tcp" "^0.11.0"

"@xmpp/websocket@^0.11.0":
  version "0.11.0"
  resolved "https://registry.yarnpkg.com/@xmpp/websocket/-/websocket-0.11.0.tgz#692bd90b4aa3e8c96233b5f4099bff5ae16d64f0"
  integrity sha512-2VY99uS6PEEJF/JLY3yC6AMmJPu1vTGLIzE38bDVNg3GslnYXxJyLfrrJs2QPr7i0ndYcCgoSL3cN6lep5LjsA==
  dependencies:
    "@xmpp/connection" "^0.11.0"
    "@xmpp/xml" "^0.11.0"
    ws "^7.2.1"

"@xmpp/xml@^0.11.0":
  version "0.11.0"
  resolved "https://registry.yarnpkg.com/@xmpp/xml/-/xml-0.11.0.tgz#7290c9f95b9f7951f0aaa765583a146995289339"
  integrity sha512-CV1BLV27VErZmf/dmjWn5YsgHl0+FDUkp5V1IJH3BXsqDjs6xOG5nH22l3FtloRlam7nAc4f6+9VduRedxNpeQ==
  dependencies:
    ltx "^2.9.2"

abbrev@1:
  version "1.1.1"
  resolved "https://registry.yarnpkg.com/abbrev/-/abbrev-1.1.1.tgz#f8f2c887ad10bf67f634f005b6987fed3179aac8"
  integrity sha512-nne9/IiQ/hzIhY6pdDnbBtz7DjPTKrY00P/zvPSm5pOFkl6xuGrGnXn/VtTNNfNtAfZ9/1RtehkszU9qcTii0Q==

ansi-regex@^2.0.0:
  version "2.1.1"
  resolved "https://registry.yarnpkg.com/ansi-regex/-/ansi-regex-2.1.1.tgz#c3b33ab5ee360d86e0e628f0468ae7ef27d654df"
  integrity sha1-w7M6te42DYbg5ijwRorn7yfWVN8=

ansi-regex@^3.0.0:
  version "3.0.0"
  resolved "https://registry.yarnpkg.com/ansi-regex/-/ansi-regex-3.0.0.tgz#ed0317c322064f79466c02966bddb605ab37d998"
  integrity sha1-7QMXwyIGT3lGbAKWa922Bas32Zg=

ansi-styles@^4.1.0:
  version "4.3.0"
  resolved "https://registry.yarnpkg.com/ansi-styles/-/ansi-styles-4.3.0.tgz#edd803628ae71c04c85ae7a0906edad34b648937"
  integrity sha512-zbB9rCJAT1rbjiVDb2hqKFHNYLxgtk8NURxZ3IZwD3F6NtxbXZQCnnSi1Lkx+IDohdPlFp222wVALIheZJQSEg==
  dependencies:
    color-convert "^2.0.1"

aproba@^1.0.3:
  version "1.2.0"
  resolved "https://registry.yarnpkg.com/aproba/-/aproba-1.2.0.tgz#6802e6264efd18c790a1b0d517f0f2627bf2c94a"
  integrity sha512-Y9J6ZjXtoYh8RnXVCMOU/ttDmk1aBjunq9vO0ta5x85WDQiQfUF9sIPBITdbiiIVcBo03Hi3jMxigBtsddlXRw==

are-we-there-yet@~1.1.2:
  version "1.1.5"
  resolved "https://registry.yarnpkg.com/are-we-there-yet/-/are-we-there-yet-1.1.5.tgz#4b35c2944f062a8bfcda66410760350fe9ddfc21"
  integrity sha512-5hYdAkZlcG8tOLujVDTgCT+uPX0VnpAH28gWsLfzpXYm7wP6mp5Q/gYyR7YQ0cKVJcXJnl3j2kpBan13PtQf6w==
  dependencies:
    delegates "^1.0.0"
    readable-stream "^2.0.6"

axios@^0.19.2:
  version "0.19.2"
  resolved "https://registry.yarnpkg.com/axios/-/axios-0.19.2.tgz#3ea36c5d8818d0d5f8a8a97a6d36b86cdc00cb27"
  integrity sha512-fjgm5MvRHLhx+osE2xoekY70AhARk3a6hkN+3Io1jc00jtquGvxYlKlsFUhmUET0V5te6CcZI7lcv2Ym61mjHA==
  dependencies:
    follow-redirects "1.5.10"

balanced-match@^1.0.0:
  version "1.0.0"
  resolved "https://registry.yarnpkg.com/balanced-match/-/balanced-match-1.0.0.tgz#89b4d199ab2bee49de164ea02b89ce462d71b767"
  integrity sha1-ibTRmasr7kneFk6gK4nORi1xt2c=

base-64@^0.1.0:
  version "0.1.0"
  resolved "https://registry.yarnpkg.com/base-64/-/base-64-0.1.0.tgz#780a99c84e7d600260361511c4877613bf24f6bb"
  integrity sha1-eAqZyE59YAJgNhURxId2E78k9rs=

bitwise-xor@0.0.0:
  version "0.0.0"
  resolved "https://registry.yarnpkg.com/bitwise-xor/-/bitwise-xor-0.0.0.tgz#040a8172b5bb8cc562b0b7119f230b2a1a780e3d"
  integrity sha1-BAqBcrW7jMVisLcRnyMLKhp4Dj0=

brace-expansion@^1.1.7:
  version "1.1.11"
  resolved "https://registry.yarnpkg.com/brace-expansion/-/brace-expansion-1.1.11.tgz#3c7fcbf529d87226f3d2f52b966ff5271eb441dd"
  integrity sha512-iCuPHDFgrHX7H2vEI/5xpz07zSHB00TpugqhmYtVmMO6518mCuRMoOYFldEBl0g187ufozdaHgWKcYFb61qGiA==
  dependencies:
    balanced-match "^1.0.0"
    concat-map "0.0.1"

buffer-from@^1.0.0:
  version "1.1.1"
  resolved "https://registry.yarnpkg.com/buffer-from/-/buffer-from-1.1.1.tgz#32713bc028f75c02fdb710d7c7bcec1f2c6070ef"
  integrity sha512-MQcXEUbCKtEo7bhqEs6560Hyd4XaovZlO/k9V3hjVUF/zwW7KBVdSK4gIt/bzwS9MbR5qob+F5jusZsb0YQK2A==

chalk@^4.0.0:
  version "4.1.2"
  resolved "https://registry.yarnpkg.com/chalk/-/chalk-4.1.2.tgz#aac4e2b7734a740867aeb16bf02aad556a1e7a01"
  integrity sha512-oKnbhFyRIXpUuez8iBMmyEa4nbj4IOQyuhc/wy9kY7/WVPcwIO9VA668Pu8RkO7+0G76SLROeyw9CpQ061i4mA==
  dependencies:
    ansi-styles "^4.1.0"
    supports-color "^7.1.0"

chownr@^1.1.1:
  version "1.1.4"
  resolved "https://registry.yarnpkg.com/chownr/-/chownr-1.1.4.tgz#6fc9d7b42d32a583596337666e7d08084da2cc6b"
  integrity sha512-jJ0bqzaylmJtVnNgzTeSOs8DPavpbYgEr/b0YL8/2GO3xJEhInFmhKMUnEJQjZumK7KXGFhUy89PrsJWlakBVg==

cipher-base@^1.0.1, cipher-base@^1.0.3:
  version "1.0.4"
  resolved "https://registry.yarnpkg.com/cipher-base/-/cipher-base-1.0.4.tgz#8760e4ecc272f4c363532f926d874aae2c1397de"
  integrity sha512-Kkht5ye6ZGmwv40uUDZztayT2ThLQGfnj/T71N/XzeZeo3nf8foyW7zGTsPYkEya3m5f3cAypH+qe7YOrM1U2Q==
  dependencies:
    inherits "^2.0.1"
    safe-buffer "^5.0.1"

code-point-at@^1.0.0:
  version "1.1.0"
  resolved "https://registry.yarnpkg.com/code-point-at/-/code-point-at-1.1.0.tgz#0d070b4d043a5bea33a2f1a40e2edb3d9a4ccf77"
  integrity sha1-DQcLTQQ6W+ozovGkDi7bPZpMz3c=

color-convert@^2.0.1:
  version "2.0.1"
  resolved "https://registry.yarnpkg.com/color-convert/-/color-convert-2.0.1.tgz#72d3a68d598c9bdb3af2ad1e84f21d896abd4de3"
  integrity sha512-RRECPsj7iu/xb5oKYcsFHSppFNnsj/52OVTRKb4zP5onXwVF3zVmmToNcOfGC+CRDpfK/U584fMg38ZHCaElKQ==
  dependencies:
    color-name "~1.1.4"

color-name@~1.1.4:
  version "1.1.4"
  resolved "https://registry.yarnpkg.com/color-name/-/color-name-1.1.4.tgz#c2a09a87acbde69543de6f63fa3995c826c536a2"
  integrity sha512-dOy+3AuW3a2wNbZHIuMZpTcgjGuLU/uBL/ubcZF9OXbDo8ff4O8yVp5Bf0efS8uEoYo5q4Fx7dY9OgQGXgAsQA==

concat-map@0.0.1:
  version "0.0.1"
  resolved "https://registry.yarnpkg.com/concat-map/-/concat-map-0.0.1.tgz#d8a96bd77fd68df7793a73036a3ba0d5405d477b"
  integrity sha1-2Klr13/Wjfd5OnMDajug1UBdR3s=

console-control-strings@^1.0.0, console-control-strings@~1.1.0:
  version "1.1.0"
  resolved "https://registry.yarnpkg.com/console-control-strings/-/console-control-strings-1.1.0.tgz#3d7cf4464db6446ea644bf4b39507f9851008e8e"
  integrity sha1-PXz0Rk22RG6mRL9LOVB/mFEAjo4=

core-util-is@~1.0.0:
  version "1.0.2"
  resolved "https://registry.yarnpkg.com/core-util-is/-/core-util-is-1.0.2.tgz#b5fd54220aa2bc5ab57aab7140c940754503c1a7"
  integrity sha1-tf1UIgqivFq1eqtxQMlAdUUDwac=

create-hash@^1.1.0:
  version "1.2.0"
  resolved "https://registry.yarnpkg.com/create-hash/-/create-hash-1.2.0.tgz#889078af11a63756bcfb59bd221996be3a9ef196"
  integrity sha512-z00bCGNHDG8mHAkP7CtT1qVu+bFQUPjYq/4Iv3C3kWjTFV10zIjfSoeqXo9Asws8gwSHDGj/hl2u4OGIjapeCg==
  dependencies:
    cipher-base "^1.0.1"
    inherits "^2.0.1"
    md5.js "^1.3.4"
    ripemd160 "^2.0.1"
    sha.js "^2.4.0"

create-hmac@^1.1.3:
  version "1.1.7"
  resolved "https://registry.yarnpkg.com/create-hmac/-/create-hmac-1.1.7.tgz#69170c78b3ab957147b2b8b04572e47ead2243ff"
  integrity sha512-MJG9liiZ+ogc4TzUwuvbER1JRdgvUFSB5+VR/g5h82fGaIRWMWddtKBHi7/sVhfjQZ6SehlyhvQYrcYkaUIpLg==
  dependencies:
    cipher-base "^1.0.3"
    create-hash "^1.1.0"
    inherits "^2.0.1"
    ripemd160 "^2.0.0"
    safe-buffer "^5.0.1"
    sha.js "^2.4.8"

debug@=3.1.0:
  version "3.1.0"
  resolved "https://registry.yarnpkg.com/debug/-/debug-3.1.0.tgz#5bb5a0672628b64149566ba16819e61518c67261"
  integrity sha512-OX8XqP7/1a9cqkxYw2yXss15f26NKWBpDXQd0/uK/KPqdQhxbPa994hnzjcE2VqQpDslf55723cKPUOGSmMY3g==
  dependencies:
    ms "2.0.0"

debug@^3.2.6:
  version "3.2.6"
  resolved "https://registry.yarnpkg.com/debug/-/debug-3.2.6.tgz#e83d17de16d8a7efb7717edbe5fb10135eee629b"
  integrity sha512-mel+jf7nrtEl5Pn1Qx46zARXKDpBbvzezse7p7LqINmdoIk8PYP5SySaxEmYv6TZ0JyEKA1hsCId6DIhgITtWQ==
  dependencies:
    ms "^2.1.1"

deep-extend@^0.6.0:
  version "0.6.0"
  resolved "https://registry.yarnpkg.com/deep-extend/-/deep-extend-0.6.0.tgz#c4fa7c95404a17a9c3e8ca7e1537312b736330ac"
  integrity sha512-LOHxIOaPYdHlJRtCQfDIVZtfw/ufM8+rVj649RIHzcm/vGwQRXFt6OPqIFWsm2XEMrNIEtWR64sY1LEKD2vAOA==

delegates@^1.0.0:
  version "1.0.0"
  resolved "https://registry.yarnpkg.com/delegates/-/delegates-1.0.0.tgz#84c6e159b81904fdca59a0ef44cd870d31250f9a"
  integrity sha1-hMbhWbgZBP3KWaDvRM2HDTElD5o=

detect-libc@^1.0.2:
  version "1.0.3"
  resolved "https://registry.yarnpkg.com/detect-libc/-/detect-libc-1.0.3.tgz#fa137c4bd698edf55cd5cd02ac559f91a4c4ba9b"
  integrity sha1-+hN8S9aY7fVc1c0CrFWfkaTEups=

domexception@^1.0.1:
  version "1.0.1"
  resolved "https://registry.yarnpkg.com/domexception/-/domexception-1.0.1.tgz#937442644ca6a31261ef36e3ec677fe805582c90"
  integrity sha512-raigMkn7CJNNo6Ihro1fzG7wr3fHuYVytzquZKX5n0yizGsTcYgzdIUwj1X9pK0VvjeihV+XiclP+DjwbsSKug==
  dependencies:
    webidl-conversions "^4.0.2"

events@^3.1.0:
  version "3.1.0"
  resolved "https://registry.yarnpkg.com/events/-/events-3.1.0.tgz#84279af1b34cb75aa88bf5ff291f6d0bd9b31a59"
  integrity sha512-Rv+u8MLHNOdMjTAFeT3nCjHn2aGlx435FP/sDHNaRhDEMwyI/aB22Kj2qIN8R0cw3z28psEQLYwxVKLsKrMgWg==

follow-redirects@1.5.10:
  version "1.5.10"
  resolved "https://registry.yarnpkg.com/follow-redirects/-/follow-redirects-1.5.10.tgz#7b7a9f9aea2fdff36786a94ff643ed07f4ff5e2a"
  integrity sha512-0V5l4Cizzvqt5D44aTXbFZz+FtyXV1vrDN6qrelxtfYQKW0KO0W2T/hkE8xvGa/540LkZlkaUjO4ailYTFtHVQ==
  dependencies:
    debug "=3.1.0"

fs-minipass@^1.2.5:
  version "1.2.7"
  resolved "https://registry.yarnpkg.com/fs-minipass/-/fs-minipass-1.2.7.tgz#ccff8570841e7fe4265693da88936c55aed7f7c7"
  integrity sha512-GWSSJGFy4e9GUeCcbIkED+bgAoFyj7XF1mV8rma3QW4NIqX9Kyx79N/PF61H5udOV3aY1IaMLs6pGbH71nlCTA==
  dependencies:
    minipass "^2.6.0"

fs.realpath@^1.0.0:
  version "1.0.0"
  resolved "https://registry.yarnpkg.com/fs.realpath/-/fs.realpath-1.0.0.tgz#1504ad2523158caa40db4a2787cb01411994ea4f"
  integrity sha1-FQStJSMVjKpA20onh8sBQRmU6k8=

gauge@~2.7.3:
  version "2.7.4"
  resolved "https://registry.yarnpkg.com/gauge/-/gauge-2.7.4.tgz#2c03405c7538c39d7eb37b317022e325fb018bf7"
  integrity sha1-LANAXHU4w51+s3sxcCLjJfsBi/c=
  dependencies:
    aproba "^1.0.3"
    console-control-strings "^1.0.0"
    has-unicode "^2.0.0"
    object-assign "^4.1.0"
    signal-exit "^3.0.0"
    string-width "^1.0.1"
    strip-ansi "^3.0.1"
    wide-align "^1.1.0"

glob@^7.1.3:
  version "7.1.6"
  resolved "https://registry.yarnpkg.com/glob/-/glob-7.1.6.tgz#141f33b81a7c2492e125594307480c46679278a6"
  integrity sha512-LwaxwyZ72Lk7vZINtNNrywX0ZuLyStrdDtabefZKAY5ZGJhVtgdznluResxNmPitE0SAO+O26sWTHeKSI2wMBA==
  dependencies:
    fs.realpath "^1.0.0"
    inflight "^1.0.4"
    inherits "2"
    minimatch "^3.0.4"
    once "^1.3.0"
    path-is-absolute "^1.0.0"

has-flag@^4.0.0:
  version "4.0.0"
  resolved "https://registry.yarnpkg.com/has-flag/-/has-flag-4.0.0.tgz#944771fd9c81c81265c4d6941860da06bb59479b"
  integrity sha512-EykJT/Q1KjTWctppgIAgfSO0tKVuZUjhgMr17kqTumMl6Afv3EISleU7qZUzoXDFTAHTDC4NOoG/ZxU3EvlMPQ==

has-unicode@^2.0.0:
  version "2.0.1"
  resolved "https://registry.yarnpkg.com/has-unicode/-/has-unicode-2.0.1.tgz#e0e6fe6a28cf51138855e086d1691e771de2a8b9"
  integrity sha1-4Ob+aijPUROIVeCG0Wkedx3iqLk=

hash-base@^3.0.0:
  version "3.0.4"
  resolved "https://registry.yarnpkg.com/hash-base/-/hash-base-3.0.4.tgz#5fc8686847ecd73499403319a6b0a3f3f6ae4918"
  integrity sha1-X8hoaEfs1zSZQDMZprCj8/auSRg=
  dependencies:
    inherits "^2.0.1"
    safe-buffer "^5.0.1"

iconv-lite@^0.4.4:
  version "0.4.24"
  resolved "https://registry.yarnpkg.com/iconv-lite/-/iconv-lite-0.4.24.tgz#2022b4b25fbddc21d2f524974a474aafe733908b"
  integrity sha512-v3MXnZAcvnywkTUEZomIActle7RXXeedOR31wwl7VlyoXO4Qi9arvSenNQWne1TcRwhCL1HwLI21bEqdpj8/rA==
  dependencies:
    safer-buffer ">= 2.1.2 < 3"

ignore-walk@^3.0.1:
  version "3.0.3"
  resolved "https://registry.yarnpkg.com/ignore-walk/-/ignore-walk-3.0.3.tgz#017e2447184bfeade7c238e4aefdd1e8f95b1e37"
  integrity sha512-m7o6xuOaT1aqheYHKf8W6J5pYH85ZI9w077erOzLje3JsB1gkafkAhHHY19dqjulgIZHFm32Cp5uNZgcQqdJKw==
  dependencies:
    minimatch "^3.0.4"

inflight@^1.0.4:
  version "1.0.6"
  resolved "https://registry.yarnpkg.com/inflight/-/inflight-1.0.6.tgz#49bd6331d7d02d0c09bc910a1075ba8165b56df9"
  integrity sha1-Sb1jMdfQLQwJvJEKEHW6gWW1bfk=
  dependencies:
    once "^1.3.0"
    wrappy "1"

inherits@2, inherits@^2.0.1, inherits@^2.0.4, inherits@~2.0.3:
  version "2.0.4"
  resolved "https://registry.yarnpkg.com/inherits/-/inherits-2.0.4.tgz#0fa2c64f932917c3433a0ded55363aae37416b7c"
  integrity sha512-k/vGaX4/Yla3WzyMCvTQOXYeIHvqOKtnqBduzTHpzpQZzAskKMhZ2K+EnBiSM9zGSoIFeMpXKxa4dYeZIQqewQ==

ini@~1.3.0:
  version "1.3.5"
  resolved "https://registry.yarnpkg.com/ini/-/ini-1.3.5.tgz#eee25f56db1c9ec6085e0c22778083f596abf927"
  integrity sha512-RZY5huIKCMRWDUqZlEi72f/lmXKMvuszcMBduliQ3nnWbx9X/ZBQO7DijMEYS9EhHBb2qacRUMtC7svLwe0lcw==

is-fullwidth-code-point@^1.0.0:
  version "1.0.0"
  resolved "https://registry.yarnpkg.com/is-fullwidth-code-point/-/is-fullwidth-code-point-1.0.0.tgz#ef9e31386f031a7f0d643af82fde50c457ef00cb"
  integrity sha1-754xOG8DGn8NZDr4L95QxFfvAMs=
  dependencies:
    number-is-nan "^1.0.0"

is-fullwidth-code-point@^2.0.0:
  version "2.0.0"
  resolved "https://registry.yarnpkg.com/is-fullwidth-code-point/-/is-fullwidth-code-point-2.0.0.tgz#a3b30a5c4f199183167aaab93beefae3ddfb654f"
  integrity sha1-o7MKXE8ZkYMWeqq5O+764937ZU8=

isarray@~1.0.0:
  version "1.0.0"
  resolved "https://registry.yarnpkg.com/isarray/-/isarray-1.0.0.tgz#bb935d48582cba168c06834957a54a3e07124f11"
  integrity sha1-u5NdSFgsuhaMBoNJV6VKPgcSTxE=

koa-compose@^4.1.0:
  version "4.1.0"
  resolved "https://registry.yarnpkg.com/koa-compose/-/koa-compose-4.1.0.tgz#507306b9371901db41121c812e923d0d67d3e877"
  integrity sha512-8ODW8TrDuMYvXRwra/Kh7/rJo9BtOfPc6qO8eAfC80CnCvSjSl0bkRM24X6/XBBEyj0v1nRUQ1LyOy3dbqOWXw==

ltx@^2.9.2:
  version "2.9.2"
  resolved "https://registry.yarnpkg.com/ltx/-/ltx-2.9.2.tgz#222b28745142b71f66c566f20bb73648f82c0d86"
  integrity sha512-llB7HflFhlfsYYT1SAe80elCBO5C20ryLdwPB/A/BZk38hhVeZztDlWQ9uTyvKNPX4aK6sA+JfS1f/mfzp5cxA==
  dependencies:
    inherits "^2.0.4"

md5.js@^1.3.4:
  version "1.3.5"
  resolved "https://registry.yarnpkg.com/md5.js/-/md5.js-1.3.5.tgz#b5d07b8e3216e3e27cd728d72f70d1e6a342005f"
  integrity sha512-xitP+WxNPcTTOgnTJcrhM0xvdPepipPSf3I8EIpGKeFLjt3PlJLIDG3u8EX53ZIubkb+5U2+3rELYpEhHhzdkg==
  dependencies:
    hash-base "^3.0.0"
    inherits "^2.0.1"
    safe-buffer "^5.1.2"

minimatch@^3.0.4:
  version "3.0.4"
  resolved "https://registry.yarnpkg.com/minimatch/-/minimatch-3.0.4.tgz#5166e286457f03306064be5497e8dbb0c3d32083"
  integrity sha512-yJHVQEhyqPLUTgt9B83PXu6W3rx4MvvHvSUvToogpwoGDOUQ+yDrR0HRot+yOCdCO7u4hX3pWft6kWBBcqh0UA==
  dependencies:
    brace-expansion "^1.1.7"

minimist@^1.2.0, minimist@^1.2.5:
  version "1.2.5"
  resolved "https://registry.yarnpkg.com/minimist/-/minimist-1.2.5.tgz#67d66014b66a6a8aaa0c083c5fd58df4e4e97602"
  integrity sha512-FM9nNUYrRBAELZQT3xeZQ7fmMOBg6nWNmJKTcgsJeaLstP/UODVpGsr5OhXhhXg6f+qtJ8uiZ+PUxkDWcgIXLw==

minipass@^2.6.0, minipass@^2.8.6, minipass@^2.9.0:
  version "2.9.0"
  resolved "https://registry.yarnpkg.com/minipass/-/minipass-2.9.0.tgz#e713762e7d3e32fed803115cf93e04bca9fcc9a6"
  integrity sha512-wxfUjg9WebH+CUDX/CdbRlh5SmfZiy/hpkxaRI16Y9W56Pa75sWgd/rvFilSgrauD9NyFymP/+JFV3KwzIsJeg==
  dependencies:
    safe-buffer "^5.1.2"
    yallist "^3.0.0"

minizlib@^1.2.1:
  version "1.3.3"
  resolved "https://registry.yarnpkg.com/minizlib/-/minizlib-1.3.3.tgz#2290de96818a34c29551c8a8d301216bd65a861d"
  integrity sha512-6ZYMOEnmVsdCeTJVE0W9ZD+pVnE8h9Hma/iOwwRDsdQoePpoX56/8B6z3P9VNwppJuBKNRuFDRNRqRWexT9G9Q==
  dependencies:
    minipass "^2.9.0"

mkdirp@^0.5.0, mkdirp@^0.5.1:
  version "0.5.5"
  resolved "https://registry.yarnpkg.com/mkdirp/-/mkdirp-0.5.5.tgz#d91cefd62d1436ca0f41620e251288d420099def"
  integrity sha512-NKmAlESf6jMGym1++R0Ra7wvhV+wFW63FaSOFPwRahvea0gMUcGUhVeAg/0BC0wiv9ih5NYPB1Wn1UEI1/L+xQ==
  dependencies:
    minimist "^1.2.5"

ms@2.0.0:
  version "2.0.0"
  resolved "https://registry.yarnpkg.com/ms/-/ms-2.0.0.tgz#5608aeadfc00be6c2901df5f9861788de0d597c8"
  integrity sha1-VgiurfwAvmwpAd9fmGF4jeDVl8g=

ms@^2.1.1:
  version "2.1.2"
  resolved "https://registry.yarnpkg.com/ms/-/ms-2.1.2.tgz#d09d1f357b443f493382a8eb3ccd183872ae6009"
  integrity sha512-sGkPx+VjMtmA6MX27oA4FBFELFCZZ4S4XqeGOXCv68tT+jb3vk/RyaKWP0PTKyWtmLSM0b+adUTEvbs1PEaH2w==

needle@^2.2.1:
  version "2.3.3"
  resolved "https://registry.yarnpkg.com/needle/-/needle-2.3.3.tgz#a041ad1d04a871b0ebb666f40baaf1fb47867117"
  integrity sha512-EkY0GeSq87rWp1hoq/sH/wnTWgFVhYlnIkbJ0YJFfRgEFlz2RraCjBpFQ+vrEgEdp0ThfyHADmkChEhcb7PKyw==
  dependencies:
    debug "^3.2.6"
    iconv-lite "^0.4.4"
    sax "^1.2.4"

node-fetch@^2.6.0:
  version "2.6.0"
  resolved "https://registry.yarnpkg.com/node-fetch/-/node-fetch-2.6.0.tgz#e633456386d4aa55863f676a7ab0daa8fdecb0fd"
  integrity sha512-8dG4H5ujfvFiqDmVu9fQ5bOHUC15JMjMY/Zumv26oOvvVJjM67KF8koCWIabKQ1GJIa9r2mMZscBq/TbdOcmNA==

node-pre-gyp@^0.13.0:
  version "0.13.0"
  resolved "https://registry.yarnpkg.com/node-pre-gyp/-/node-pre-gyp-0.13.0.tgz#df9ab7b68dd6498137717838e4f92a33fc9daa42"
  integrity sha512-Md1D3xnEne8b/HGVQkZZwV27WUi1ZRuZBij24TNaZwUPU3ZAFtvT6xxJGaUVillfmMKnn5oD1HoGsp2Ftik7SQ==
  dependencies:
    detect-libc "^1.0.2"
    mkdirp "^0.5.1"
    needle "^2.2.1"
    nopt "^4.0.1"
    npm-packlist "^1.1.6"
    npmlog "^4.0.2"
    rc "^1.2.7"
    rimraf "^2.6.1"
    semver "^5.3.0"
    tar "^4"

nopt@^4.0.1:
  version "4.0.3"
  resolved "https://registry.yarnpkg.com/nopt/-/nopt-4.0.3.tgz#a375cad9d02fd921278d954c2254d5aa57e15e48"
  integrity sha512-CvaGwVMztSMJLOeXPrez7fyfObdZqNUK1cPAEzLHrTybIua9pMdmmPR5YwtfNftIOMv3DPUhFaxsZMNTQO20Kg==
  dependencies:
    abbrev "1"
    osenv "^0.1.4"

npm-bundled@^1.0.1:
  version "1.1.1"
  resolved "https://registry.yarnpkg.com/npm-bundled/-/npm-bundled-1.1.1.tgz#1edd570865a94cdb1bc8220775e29466c9fb234b"
  integrity sha512-gqkfgGePhTpAEgUsGEgcq1rqPXA+tv/aVBlgEzfXwA1yiUJF7xtEt3CtVwOjNYQOVknDk0F20w58Fnm3EtG0fA==
  dependencies:
    npm-normalize-package-bin "^1.0.1"

npm-normalize-package-bin@^1.0.1:
  version "1.0.1"
  resolved "https://registry.yarnpkg.com/npm-normalize-package-bin/-/npm-normalize-package-bin-1.0.1.tgz#6e79a41f23fd235c0623218228da7d9c23b8f6e2"
  integrity sha512-EPfafl6JL5/rU+ot6P3gRSCpPDW5VmIzX959Ob1+ySFUuuYHWHekXpwdUZcKP5C+DS4GEtdJluwBjnsNDl+fSA==

npm-packlist@^1.1.6:
  version "1.4.8"
  resolved "https://registry.yarnpkg.com/npm-packlist/-/npm-packlist-1.4.8.tgz#56ee6cc135b9f98ad3d51c1c95da22bbb9b2ef3e"
  integrity sha512-5+AZgwru5IevF5ZdnFglB5wNlHG1AOOuw28WhUq8/8emhBmLv6jX5by4WJCh7lW0uSYZYS6DXqIsyZVIXRZU9A==
  dependencies:
    ignore-walk "^3.0.1"
    npm-bundled "^1.0.1"
    npm-normalize-package-bin "^1.0.1"

npmlog@^4.0.2:
  version "4.1.2"
  resolved "https://registry.yarnpkg.com/npmlog/-/npmlog-4.1.2.tgz#08a7f2a8bf734604779a9efa4ad5cc717abb954b"
  integrity sha512-2uUqazuKlTaSI/dC8AzicUck7+IrEaOnN/e0jd3Xtt1KcGpwx30v50mL7oPyr/h9bL3E4aZccVwpwP+5W9Vjkg==
  dependencies:
    are-we-there-yet "~1.1.2"
    console-control-strings "~1.1.0"
    gauge "~2.7.3"
    set-blocking "~2.0.0"

number-is-nan@^1.0.0:
  version "1.0.1"
  resolved "https://registry.yarnpkg.com/number-is-nan/-/number-is-nan-1.0.1.tgz#097b602b53422a522c1afb8790318336941a011d"
  integrity sha1-CXtgK1NCKlIsGvuHkDGDNpQaAR0=

object-assign@^4.1.0:
  version "4.1.1"
  resolved "https://registry.yarnpkg.com/object-assign/-/object-assign-4.1.1.tgz#2109adc7965887cfc05cbbd442cac8bfbb360863"
  integrity sha1-IQmtx5ZYh8/AXLvUQsrIv7s2CGM=

once@^1.3.0:
  version "1.4.0"
  resolved "https://registry.yarnpkg.com/once/-/once-1.4.0.tgz#583b1aa775961d4b113ac17d9c50baef9dd76bd1"
  integrity sha1-WDsap3WWHUsROsF9nFC6753Xa9E=
  dependencies:
    wrappy "1"

os-homedir@^1.0.0:
  version "1.0.2"
  resolved "https://registry.yarnpkg.com/os-homedir/-/os-homedir-1.0.2.tgz#ffbc4988336e0e833de0c168c7ef152121aa7fb3"
  integrity sha1-/7xJiDNuDoM94MFox+8VISGqf7M=

os-tmpdir@^1.0.0:
  version "1.0.2"
  resolved "https://registry.yarnpkg.com/os-tmpdir/-/os-tmpdir-1.0.2.tgz#bbe67406c79aa85c5cfec766fe5734555dfa1274"
  integrity sha1-u+Z0BseaqFxc/sdm/lc0VV36EnQ=

osenv@^0.1.4:
  version "0.1.5"
  resolved "https://registry.yarnpkg.com/osenv/-/osenv-0.1.5.tgz#85cdfafaeb28e8677f416e287592b5f3f49ea410"
  integrity sha512-0CWcCECdMVc2Rw3U5w9ZjqX6ga6ubk1xDVKxtBQPK7wis/0F2r9T6k4ydGYhecl7YUBxBVxhL5oisPsNxAPe2g==
  dependencies:
    os-homedir "^1.0.0"
    os-tmpdir "^1.0.0"

path-is-absolute@^1.0.0:
  version "1.0.1"
  resolved "https://registry.yarnpkg.com/path-is-absolute/-/path-is-absolute-1.0.1.tgz#174b9268735534ffbc7ace6bf53a5a9e1b5c5f5f"
  integrity sha1-F0uSaHNVNP+8es5r9TpanhtcX18=

process-nextick-args@~2.0.0:
  version "2.0.1"
  resolved "https://registry.yarnpkg.com/process-nextick-args/-/process-nextick-args-2.0.1.tgz#7820d9b16120cc55ca9ae7792680ae7dba6d7fe2"
  integrity sha512-3ouUOpQhtgrbOa17J7+uxOTpITYWaGP7/AhoR3+A+/1e9skrzelGi/dXzEYyvbxubEF6Wn2ypscTKiKJFFn1ag==

randombytes@^2.0.1:
  version "2.1.0"
  resolved "https://registry.yarnpkg.com/randombytes/-/randombytes-2.1.0.tgz#df6f84372f0270dc65cdf6291349ab7a473d4f2a"
  integrity sha512-vYl3iOX+4CKUWuxGi9Ukhie6fsqXqS9FE2Zaic4tNFD2N2QQaXOMFbuKK4QmDHC0JO6B1Zp41J0LpT0oR68amQ==
  dependencies:
    safe-buffer "^5.1.0"

rc@^1.2.7:
  version "1.2.8"
  resolved "https://registry.yarnpkg.com/rc/-/rc-1.2.8.tgz#cd924bf5200a075b83c188cd6b9e211b7fc0d3ed"
  integrity sha512-y3bGgqKj3QBdxLbLkomlohkvsA8gdAiUQlSBJnBhfn+BPxg4bc62d8TcBW15wavDfgexCgccckhcZvywyQYPOw==
  dependencies:
    deep-extend "^0.6.0"
    ini "~1.3.0"
    minimist "^1.2.0"
    strip-json-comments "~2.0.1"

readable-stream@^2.0.6:
  version "2.3.7"
  resolved "https://registry.yarnpkg.com/readable-stream/-/readable-stream-2.3.7.tgz#1eca1cf711aef814c04f62252a36a62f6cb23b57"
  integrity sha512-Ebho8K4jIbHAxnuxi7o42OrZgF/ZTNcsZj6nRKyUmkhLFq8CHItp/fy6hQZuZmP/n3yZ9VBUbp4zz/mX8hmYPw==
  dependencies:
    core-util-is "~1.0.0"
    inherits "~2.0.3"
    isarray "~1.0.0"
    process-nextick-args "~2.0.0"
    safe-buffer "~5.1.1"
    string_decoder "~1.1.1"
    util-deprecate "~1.0.1"

rimraf@^2.6.1:
  version "2.7.1"
  resolved "https://registry.yarnpkg.com/rimraf/-/rimraf-2.7.1.tgz#35797f13a7fdadc566142c29d4f07ccad483e3ec"
  integrity sha512-uWjbaKIK3T1OSVptzX7Nl6PvQ3qAGtKEtVRjRuazjfL3Bx5eI409VZSqgND+4UNnmzLVdPj9FqFJNPqBZFve4w==
  dependencies:
    glob "^7.1.3"

ripemd160@^2.0.0, ripemd160@^2.0.1:
  version "2.0.2"
  resolved "https://registry.yarnpkg.com/ripemd160/-/ripemd160-2.0.2.tgz#a1c1a6f624751577ba5d07914cbc92850585890c"
  integrity sha512-ii4iagi25WusVoiC4B4lq7pbXfAp3D9v5CwfkY33vffw2+pkDjY1D8GaN7spsxvCSx8dkPqOZCEZyfxcmJG2IA==
  dependencies:
    hash-base "^3.0.0"
    inherits "^2.0.1"

safe-buffer@^5.0.1, safe-buffer@^5.1.0, safe-buffer@^5.1.2:
  version "5.2.1"
  resolved "https://registry.yarnpkg.com/safe-buffer/-/safe-buffer-5.2.1.tgz#1eaf9fa9bdb1fdd4ec75f58f9cdb4e6b7827eec6"
  integrity sha512-rp3So07KcdmmKbGvgaNxQSJr7bGVSVk5S9Eq1F+ppbRo70+YeaDxkw5Dd8NPN+GD6bjnYm2VuPuCXmpuYvmCXQ==

safe-buffer@~5.1.0, safe-buffer@~5.1.1:
  version "5.1.2"
  resolved "https://registry.yarnpkg.com/safe-buffer/-/safe-buffer-5.1.2.tgz#991ec69d296e0313747d59bdfd2b745c35f8828d"
  integrity sha512-Gd2UZBJDkXlY7GbJxfsE8/nvKkUEU1G38c1siN6QP6a9PT9MmHB8GnpscSmMJSoF8LOIrt8ud/wPtojys4G6+g==

"safer-buffer@>= 2.1.2 < 3":
  version "2.1.2"
  resolved "https://registry.yarnpkg.com/safer-buffer/-/safer-buffer-2.1.2.tgz#44fa161b0187b9549dd84bb91802f9bd8385cd6a"
  integrity sha512-YZo3K82SD7Riyi0E1EQPojLz7kpepnSQI9IyPbHHg1XXXevb5dJI7tpyN2ADxGcQbHG7vcyRHk0cbwqcQriUtg==

sasl-anonymous@^0.1.0:
  version "0.1.0"
  resolved "https://registry.yarnpkg.com/sasl-anonymous/-/sasl-anonymous-0.1.0.tgz#f544c7e824df2a40d9ad4733829572cc8d9ed5a5"
  integrity sha1-9UTH6CTfKkDZrUczgpVyzI2e1aU=

sasl-plain@^0.1.0:
  version "0.1.0"
  resolved "https://registry.yarnpkg.com/sasl-plain/-/sasl-plain-0.1.0.tgz#cf145e7c02222b64d60c0806d9cd2ae5380426cc"
  integrity sha1-zxRefAIiK2TWDAgG2c0q5TgEJsw=

sasl-scram-sha-1@^1.2.1:
  version "1.2.1"
  resolved "https://registry.yarnpkg.com/sasl-scram-sha-1/-/sasl-scram-sha-1-1.2.1.tgz#d88d51feaa0ff320d8eb1d6fc75657653f9dcd4b"
  integrity sha1-2I1R/qoP8yDY6x1vx1ZXZT+dzUs=
  dependencies:
    bitwise-xor "0.0.0"
    create-hash "^1.1.0"
    create-hmac "^1.1.3"
    randombytes "^2.0.1"

saslmechanisms@^0.1.1:
  version "0.1.1"
  resolved "https://registry.yarnpkg.com/saslmechanisms/-/saslmechanisms-0.1.1.tgz#478be1429500fcfaa780be88b3343ced7d2a9182"
  integrity sha1-R4vhQpUA/PqngL6IszQ87X0qkYI=

sax@^1.2.4:
  version "1.2.4"
  resolved "https://registry.yarnpkg.com/sax/-/sax-1.2.4.tgz#2816234e2378bddc4e5354fab5caa895df7100d9"
  integrity sha512-NqVDv9TpANUjFm0N8uM5GxL36UgKi9/atZw+x7YFnQ8ckwFGKrl4xX4yWtrey3UJm5nP1kUbnYgLopqWNSRhWw==

sdp-jingle-json@^3.1.0:
  version "3.1.0"
  resolved "https://registry.yarnpkg.com/sdp-jingle-json/-/sdp-jingle-json-3.1.0.tgz#7067d5d998ef0be754c3a01a551ef0052a0ffbfb"
  integrity sha512-Uu+FelZD/edNoOc64NwQP8jjbBVMggAaErGU+2cSxPZgyReJTtqtp5287p2vu7bHubERxEbiW0H1pC2fnH5GEA==

semver@^5.3.0:
  version "5.7.1"
  resolved "https://registry.yarnpkg.com/semver/-/semver-5.7.1.tgz#a954f931aeba508d307bbf069eff0c01c96116f7"
  integrity sha512-sauaDf/PZdVgrLTNYHRtpXa1iRiKcaebiKQ1BJdpQlWH2lCvexQdX55snPFyK7QzpudqbCI0qXFfOasHdyNDGQ==

set-blocking@~2.0.0:
  version "2.0.0"
  resolved "https://registry.yarnpkg.com/set-blocking/-/set-blocking-2.0.0.tgz#045f9782d011ae9a6803ddd382b24392b3d890f7"
  integrity sha1-BF+XgtARrppoA93TgrJDkrPYkPc=

sha.js@^2.4.0, sha.js@^2.4.8:
  version "2.4.11"
  resolved "https://registry.yarnpkg.com/sha.js/-/sha.js-2.4.11.tgz#37a5cf0b81ecbc6943de109ba2960d1b26584ae7"
  integrity sha512-QMEp5B7cftE7APOjk5Y6xgrbWu+WkLVQwk8JNjZ8nKRciZaByEW6MubieAiToS7+dwvrjGhH8jRXz3MVd0AYqQ==
  dependencies:
    inherits "^2.0.1"
    safe-buffer "^5.0.1"

signal-exit@^3.0.0:
  version "3.0.3"
  resolved "https://registry.yarnpkg.com/signal-exit/-/signal-exit-3.0.3.tgz#a1410c2edd8f077b08b4e253c8eacfcaf057461c"
  integrity sha512-VUJ49FC8U1OxwZLxIbTTrDvLnf/6TDgxZcK8wxR8zs13xpx7xbG60ndBlhNrFi2EMuFRoeDoJO7wthSLq42EjA==

source-map-support@^0.5.16:
  version "0.5.16"
  resolved "https://registry.yarnpkg.com/source-map-support/-/source-map-support-0.5.16.tgz#0ae069e7fe3ba7538c64c98515e35339eac5a042"
  integrity sha512-efyLRJDr68D9hBBNIPWFjhpFzURh+KJykQwvMyW5UiZzYwoF6l4YMMDIJJEyFWxWCqfyxLzz6tSfUFR+kXXsVQ==
  dependencies:
    buffer-from "^1.0.0"
    source-map "^0.6.0"

source-map@^0.6.0:
  version "0.6.1"
  resolved "https://registry.yarnpkg.com/source-map/-/source-map-0.6.1.tgz#74722af32e9614e9c287a8d0bbde48b5e2f1a263"
  integrity sha512-UjgapumWlbMhkBgzT7Ykc5YXUT46F0iKu8SGXq0bcwP5dz/h0Plj6enJqjz1Zbq2l5WaqYnrVbwWOWMyF3F47g==

string-width@^1.0.1:
  version "1.0.2"
  resolved "https://registry.yarnpkg.com/string-width/-/string-width-1.0.2.tgz#118bdf5b8cdc51a2a7e70d211e07e2b0b9b107d3"
  integrity sha1-EYvfW4zcUaKn5w0hHgfisLmxB9M=
  dependencies:
    code-point-at "^1.0.0"
    is-fullwidth-code-point "^1.0.0"
    strip-ansi "^3.0.0"

"string-width@^1.0.2 || 2":
  version "2.1.1"
  resolved "https://registry.yarnpkg.com/string-width/-/string-width-2.1.1.tgz#ab93f27a8dc13d28cac815c462143a6d9012ae9e"
  integrity sha512-nOqH59deCq9SRHlxq1Aw85Jnt4w6KvLKqWVik6oA9ZklXLNIOlqg4F2yrT1MVaTjAqvVwdfeZ7w7aCvJD7ugkw==
  dependencies:
    is-fullwidth-code-point "^2.0.0"
    strip-ansi "^4.0.0"

string_decoder@~1.1.1:
  version "1.1.1"
  resolved "https://registry.yarnpkg.com/string_decoder/-/string_decoder-1.1.1.tgz#9cf1611ba62685d7030ae9e4ba34149c3af03fc8"
  integrity sha512-n/ShnvDi6FHbbVfviro+WojiFzv+s8MPMHBczVePfUpDJLwoLT0ht1l4YwBCbi8pJAveEEdnkHyPyTP/mzRfwg==
  dependencies:
    safe-buffer "~5.1.0"

strip-ansi@^3.0.0, strip-ansi@^3.0.1:
  version "3.0.1"
  resolved "https://registry.yarnpkg.com/strip-ansi/-/strip-ansi-3.0.1.tgz#6a385fb8853d952d5ff05d0e8aaf94278dc63dcf"
  integrity sha1-ajhfuIU9lS1f8F0Oiq+UJ43GPc8=
  dependencies:
    ansi-regex "^2.0.0"

strip-ansi@^4.0.0:
  version "4.0.0"
  resolved "https://registry.yarnpkg.com/strip-ansi/-/strip-ansi-4.0.0.tgz#a8479022eb1ac368a871389b635262c505ee368f"
  integrity sha1-qEeQIusaw2iocTibY1JixQXuNo8=
  dependencies:
    ansi-regex "^3.0.0"

strip-json-comments@~2.0.1:
  version "2.0.1"
  resolved "https://registry.yarnpkg.com/strip-json-comments/-/strip-json-comments-2.0.1.tgz#3c531942e908c2697c0ec344858c286c7ca0a60a"
  integrity sha1-PFMZQukIwml8DsNEhYwobHygpgo=

supports-color@^7.1.0:
  version "7.2.0"
  resolved "https://registry.yarnpkg.com/supports-color/-/supports-color-7.2.0.tgz#1b7dcdcb32b8138801b3e478ba6a51caa89648da"
  integrity sha512-qpCAvRl9stuOHveKsn7HncJRvv501qIacKzQlO/+Lwxc9+0q2wLyv4Dfvt80/DPn2pqOBsJdDiogXGR9+OvwRw==
  dependencies:
    has-flag "^4.0.0"

tar@^4:
  version "4.4.15"
  resolved "https://registry.yarnpkg.com/tar/-/tar-4.4.15.tgz#3caced4f39ebd46ddda4d6203d48493a919697f8"
  integrity sha512-ItbufpujXkry7bHH9NpQyTXPbJ72iTlXgkBAYsAjDXk3Ds8t/3NfO5P4xZGy7u+sYuQUbimgzswX4uQIEeNVOA==
  dependencies:
    chownr "^1.1.1"
    fs-minipass "^1.2.5"
    minipass "^2.8.6"
    minizlib "^1.2.1"
    mkdirp "^0.5.0"
    safe-buffer "^5.1.2"
    yallist "^3.0.3"

typescript@^3.8.3:
  version "3.8.3"
  resolved "https://registry.yarnpkg.com/typescript/-/typescript-3.8.3.tgz#409eb8544ea0335711205869ec458ab109ee1061"
  integrity sha512-MYlEfn5VrLNsgudQTVJeNaQFUAI7DkhnOjdpAp4T+ku1TfQClewlbSuTVHiA+8skNBgaf02TL/kLOvig4y3G8w==

util-deprecate@~1.0.1:
  version "1.0.2"
  resolved "https://registry.yarnpkg.com/util-deprecate/-/util-deprecate-1.0.2.tgz#450d4dc9fa70de732762fbd2d4a28981419a0ccf"
  integrity sha1-RQ1Nyfpw3nMnYvvS1KKJgUGaDM8=

uuid@^7.0.3:
  version "7.0.3"
  resolved "https://registry.yarnpkg.com/uuid/-/uuid-7.0.3.tgz#c5c9f2c8cf25dc0a372c4df1441c41f5bd0c680b"
  integrity sha512-DPSke0pXhTZgoF/d+WSt2QaKMCFSfx7QegxEWT+JOuHF5aWrKEn0G+ztjuJg/gG8/ItK+rbPCD/yNv8yyih6Cg==

webidl-conversions@^4.0.2:
  version "4.0.2"
  resolved "https://registry.yarnpkg.com/webidl-conversions/-/webidl-conversions-4.0.2.tgz#a855980b1f0b6b359ba1d5d9fb39ae941faa63ad"
  integrity sha512-YQ+BmxuTgd6UXZW3+ICGfyqRyHXVlD5GtQr5+qjiNW7bF0cqrzX500HVXPBOvgXb5YnzDd+h0zqyv61KUD7+Sg==

wide-align@^1.1.0:
  version "1.1.3"
  resolved "https://registry.yarnpkg.com/wide-align/-/wide-align-1.1.3.tgz#ae074e6bdc0c14a431e804e624549c633b000457"
  integrity sha512-QGkOQc8XL6Bt5PwnsExKBPuMKBxnGxWWW3fU55Xt4feHozMUhdUMaBCk290qpm/wG5u/RSKzwdAC4i51YigihA==
  dependencies:
    string-width "^1.0.2 || 2"

wrappy@1:
  version "1.0.2"
  resolved "https://registry.yarnpkg.com/wrappy/-/wrappy-1.0.2.tgz#b5243d8f3ec1aa35f1364605bc0d1036e30ab69f"
  integrity sha1-tSQ9jz7BqjXxNkYFvA0QNuMKtp8=

wrtc@^0.4.4:
  version "0.4.4"
  resolved "https://registry.yarnpkg.com/wrtc/-/wrtc-0.4.4.tgz#523bcec18ea91de5d8ee1ef11e5cbe4fcf7daf3d"
  integrity sha512-ithsvEKqS6pIbzPiXgJXU4SjQHR7fSszDgGMOREW8j2S4N+ay05r4aYpUZJnsa1fr6o5efeQ/ikFiDXDl5YqeQ==
  dependencies:
    node-pre-gyp "^0.13.0"
  optionalDependencies:
    domexception "^1.0.1"

ws@^7.2.1:
  version "7.2.3"
  resolved "https://registry.yarnpkg.com/ws/-/ws-7.2.3.tgz#a5411e1fb04d5ed0efee76d26d5c46d830c39b46"
  integrity sha512-HTDl9G9hbkNDk98naoR/cHDws7+EyYMOdL1BmjsZXRUjf7d+MficC4B7HLUPlSiho0vg+CWKrGIt/VJBd1xunQ==

yallist@^3.0.0, yallist@^3.0.3:
  version "3.1.1"
  resolved "https://registry.yarnpkg.com/yallist/-/yallist-3.1.1.tgz#dbb7daf9bfd8bac9ab45ebf602b8cbad0d5d08fd"
  integrity sha512-a4UGQaWPH59mOXUYnAG2ewncQS4i4F43Tv3JoAM+s2VDAmS9NsK8GpDMLrCHPksFT7h3K6TOoUNn2pb7RoXx4g==
